
Microsoft Visual Studio Solution File, Format Version 12.00
# Visual Studio Version 16
VisualStudioVersion = 25.0.1706.3
MinimumVisualStudioVersion = 10.0.40219.1
Project("{FAE04EC0-301F-11D3-BF4B-00C04F79EFBC}") = "uri_command", "uri_command\uri_command.csproj", "{D532F206-44FA-4C82-8836-39501956DBA4}"
EndProject
Global
	GlobalSection(SolutionConfigurationPlatforms) = preSolution
		Debug|Any CPU = Debug|Any CPU
		Release|Any CPU = Release|Any CPU
	EndGlobalSection
	GlobalSection(ProjectConfigurationPlatforms) = postSolution
		{D532F206-44FA-4C82-8836-39501956DBA4}.Debug|Any CPU.ActiveCfg = Debug|Any CPU
		{D532F206-44FA-4C82-8836-39501956DBA4}.Debug|Any CPU.Build.0 = Debug|Any CPU
		{D532F206-44FA-4C82-8836-39501956DBA4}.Release|Any CPU.ActiveCfg = Release|Any CPU
		{D532F206-44FA-4C82-8836-39501956DBA4}.Release|Any CPU.Build.0 = Release|Any CPU
	EndGlobalSection
	GlobalSection(SolutionProperties) = preSolution
		HideSolutionNode = FALSE
	EndGlobalSection
	GlobalSection(ExtensibilityGlobals) = postSolution
		SolutionGuid = {3B47ABDD-5C24-46BD-A50A-76C2DC343B05}
	EndGlobalSection
EndGlobal
